{
  "version": 4,
  "terraform_version": "1.11.4",
  "serial": 36,
  "lineage": "1c28541a-e348-b2a4-65cb-3ee029f4ca0b",
  "outputs": {},
  "resources": [
    {
      "mode": "managed",
      "type": "aws_instance",
      "name": "vm_lenox",
      "provider": "provider[\"registry.terraform.io/hashicorp/aws\"]",
      "instances": [
        {
          "schema_version": 1,
          "attributes": {
            "ami": "ami-0644165ab979df02d",
            "arn": "arn:aws:ec2:eu-west-3:676206944621:instance/i-07b7108414a409cef",
            "associate_public_ip_address": true,
            "availability_zone": "eu-west-3a",
            "capacity_reservation_specification": [
              {
                "capacity_reservation_preference": "open",
                "capacity_reservation_target": []
              }
            ],
            "cpu_core_count": 1,
            "cpu_options": [
              {
                "amd_sev_snp": "",
                "core_count": 1,
                "threads_per_core": 1
              }
            ],
            "cpu_threads_per_core": 1,
            "credit_specification": [
              {
                "cpu_credits": "standard"
              }
            ],
            "disable_api_stop": false,
            "disable_api_termination": false,
            "ebs_block_device": [],
            "ebs_optimized": false,
            "enable_primary_ipv6": null,
            "enclave_options": [
              {
                "enabled": false
              }
            ],
            "ephemeral_block_device": [],
            "get_password_data": false,
            "hibernation": false,
            "host_id": "",
            "host_resource_group_arn": null,
            "iam_instance_profile": "",
            "id": "i-07b7108414a409cef",
            "instance_initiated_shutdown_behavior": "stop",
            "instance_lifecycle": "",
            "instance_market_options": [],
            "instance_state": "running",
            "instance_type": "t2.micro",
            "ipv6_address_count": 0,
            "ipv6_addresses": [],
            "key_name": "vm_key",
            "launch_template": [],
            "maintenance_options": [
              {
                "auto_recovery": "default"
              }
            ],
            "metadata_options": [
              {
                "http_endpoint": "enabled",
                "http_protocol_ipv6": "disabled",
                "http_put_response_hop_limit": 1,
                "http_tokens": "optional",
                "instance_metadata_tags": "disabled"
              }
            ],
            "monitoring": false,
            "network_interface": [],
            "outpost_arn": "",
            "password_data": "",
            "placement_group": "",
            "placement_partition_number": 0,
            "primary_network_interface_id": "eni-0dd05741d343bbf44",
            "private_dns": "ip-172-31-15-165.eu-west-3.compute.internal",
            "private_dns_name_options": [
              {
                "enable_resource_name_dns_a_record": false,
                "enable_resource_name_dns_aaaa_record": false,
                "hostname_type": "ip-name"
              }
            ],
            "private_ip": "172.31.15.165",
            "public_dns": "ec2-15-237-179-191.eu-west-3.compute.amazonaws.com",
            "public_ip": "15.237.179.191",
            "root_block_device": [
              {
                "delete_on_termination": true,
                "device_name": "/dev/xvda",
                "encrypted": false,
                "iops": 3000,
                "kms_key_id": "",
                "tags": {},
                "tags_all": {},
                "throughput": 125,
                "volume_id": "vol-038909327087e3258",
                "volume_size": 8,
                "volume_type": "gp3"
              }
            ],
            "secondary_private_ips": [],
            "security_groups": [
              "default"
            ],
            "source_dest_check": true,
            "spot_instance_request_id": "",
            "subnet_id": "subnet-0b932936f925f126a",
            "tags": {
              "Name": "Debian-VM"
            },
            "tags_all": {
              "Name": "Debian-VM"
            },
            "tenancy": "default",
            "timeouts": null,
            "user_data": null,
            "user_data_base64": null,
            "user_data_replace_on_change": false,
            "volume_tags": null,
            "vpc_security_group_ids": [
              "sg-062599c78a4614320"
            ]
          },
          "sensitive_attributes": [],
          "private": "eyJlMmJmYjczMC1lY2FhLTExZTYtOGY4OC0zNDM2M2JjN2M0YzAiOnsiY3JlYXRlIjo2MDAwMDAwMDAwMDAsImRlbGV0ZSI6MTIwMDAwMDAwMDAwMCwicmVhZCI6OTAwMDAwMDAwMDAwLCJ1cGRhdGUiOjYwMDAwMDAwMDAwMH0sInNjaGVtYV92ZXJzaW9uIjoiMSJ9",
          "dependencies": [
            "aws_key_pair.vm_key"
          ]
        }
      ]
    },
    {
      "mode": "managed",
      "type": "aws_internet_gateway",
      "name": "igw",
      "provider": "provider[\"registry.terraform.io/hashicorp/aws\"]",
      "instances": [
        {
          "schema_version": 0,
          "attributes": {
            "arn": "arn:aws:ec2:eu-west-3:676206944621:internet-gateway/igw-0d4eb305a73646069",
            "id": "igw-0d4eb305a73646069",
            "owner_id": "676206944621",
            "tags": {
              "Name": "internet gateway"
            },
            "tags_all": {
              "Name": "internet gateway"
            },
            "timeouts": null,
            "vpc_id": "vpc-0e77c51c2fd7516f4"
          },
          "sensitive_attributes": [],
          "private": "eyJlMmJmYjczMC1lY2FhLTExZTYtOGY4OC0zNDM2M2JjN2M0YzAiOnsiY3JlYXRlIjoxMjAwMDAwMDAwMDAwLCJkZWxldGUiOjEyMDAwMDAwMDAwMDAsInVwZGF0ZSI6MTIwMDAwMDAwMDAwMH19",
          "dependencies": [
            "aws_vpc.main"
          ]
        }
      ]
    },
    {
      "mode": "managed",
      "type": "aws_key_pair",
      "name": "vm_key",
      "provider": "provider[\"registry.terraform.io/hashicorp/aws\"]",
      "instances": [
        {
          "schema_version": 1,
          "attributes": {
            "arn": "arn:aws:ec2:eu-west-3:676206944621:key-pair/vm_key",
            "fingerprint": "kJcCCyza2hxY3QQKo3R5gRdl5LpQd7aepcqYbuB14KQ=",
            "id": "vm_key",
            "key_name": "vm_key",
            "key_name_prefix": "",
            "key_pair_id": "key-0ca0ea41b876c0bd0",
            "key_type": "ed25519",
            "public_key": "ssh-ed25519 AAAAC3NzaC1lZDI1NTE5AAAAIJXqvqMB2IkR3u5A2hbpnd+cGuxBJA93yuKpibK2LCva shakun@Neutrino",
            "tags": {},
            "tags_all": {}
          },
          "sensitive_attributes": [],
          "private": "eyJzY2hlbWFfdmVyc2lvbiI6IjEifQ=="
        }
      ]
    },
    {
      "mode": "managed",
      "type": "aws_route_table",
      "name": "public",
      "provider": "provider[\"registry.terraform.io/hashicorp/aws\"]",
      "instances": [
        {
          "schema_version": 0,
          "attributes": {
            "arn": "arn:aws:ec2:eu-west-3:676206944621:route-table/rtb-0c8bdd54383822076",
            "id": "rtb-0c8bdd54383822076",
            "owner_id": "676206944621",
            "propagating_vgws": [],
            "route": [
              {
                "carrier_gateway_id": "",
                "cidr_block": "0.0.0.0/20",
                "core_network_arn": "",
                "destination_prefix_list_id": "",
                "egress_only_gateway_id": "",
                "gateway_id": "igw-0d4eb305a73646069",
                "ipv6_cidr_block": "",
                "local_gateway_id": "",
                "nat_gateway_id": "",
                "network_interface_id": "",
                "transit_gateway_id": "",
                "vpc_endpoint_id": "",
                "vpc_peering_connection_id": ""
              },
              {
                "carrier_gateway_id": null,
                "cidr_block": "10.0.0.0/16",
                "core_network_arn": null,
                "destination_prefix_list_id": null,
                "egress_only_gateway_id": null,
                "gateway_id": "local",
                "ipv6_cidr_block": null,
                "local_gateway_id": null,
                "nat_gateway_id": null,
                "network_interface_id": null,
                "transit_gateway_id": null,
                "vpc_endpoint_id": null,
                "vpc_peering_connection_id": null
              }
            ],
            "tags": {
              "Name": "example"
            },
            "tags_all": {
              "Name": "example"
            },
            "timeouts": null,
            "vpc_id": "vpc-0e77c51c2fd7516f4"
          },
          "sensitive_attributes": [],
          "private": "eyJlMmJmYjczMC1lY2FhLTExZTYtOGY4OC0zNDM2M2JjN2M0YzAiOnsiY3JlYXRlIjozMDAwMDAwMDAwMDAsImRlbGV0ZSI6MzAwMDAwMDAwMDAwLCJ1cGRhdGUiOjEyMDAwMDAwMDAwMH19",
          "dependencies": [
            "aws_internet_gateway.igw",
            "aws_vpc.main"
          ]
        }
      ]
    },
    {
      "mode": "managed",
      "type": "aws_route_table_association",
      "name": "public_subnet_assoc",
      "provider": "provider[\"registry.terraform.io/hashicorp/aws\"]",
      "instances": [
        {
          "schema_version": 0,
          "attributes": {
            "gateway_id": "",
            "id": "rtbassoc-0871dd02290f8ac12",
            "route_table_id": "rtb-0c8bdd54383822076",
            "subnet_id": "subnet-028e86bc0470dc20c",
            "timeouts": null
          },
          "sensitive_attributes": [],
          "private": "eyJlMmJmYjczMC1lY2FhLTExZTYtOGY4OC0zNDM2M2JjN2M0YzAiOnsiY3JlYXRlIjozMDAwMDAwMDAwMDAsImRlbGV0ZSI6MzAwMDAwMDAwMDAwLCJ1cGRhdGUiOjEyMDAwMDAwMDAwMH19",
          "dependencies": [
            "aws_internet_gateway.igw",
            "aws_route_table.public",
            "aws_subnet.public",
            "aws_vpc.main"
          ]
        }
      ]
    },
    {
      "mode": "managed",
      "type": "aws_subnet",
      "name": "private",
      "provider": "provider[\"registry.terraform.io/hashicorp/aws\"]",
      "instances": [
        {
          "schema_version": 1,
          "attributes": {
            "arn": "arn:aws:ec2:eu-west-3:676206944621:subnet/subnet-0ce49f35bb8244ba2",
            "assign_ipv6_address_on_creation": false,
            "availability_zone": "eu-west-3a",
            "availability_zone_id": "euw3-az1",
            "cidr_block": "10.0.1.0/24",
            "customer_owned_ipv4_pool": "",
            "enable_dns64": false,
            "enable_lni_at_device_index": 0,
            "enable_resource_name_dns_a_record_on_launch": false,
            "enable_resource_name_dns_aaaa_record_on_launch": false,
            "id": "subnet-0ce49f35bb8244ba2",
            "ipv6_cidr_block": "",
            "ipv6_cidr_block_association_id": "",
            "ipv6_native": false,
            "map_customer_owned_ip_on_launch": false,
            "map_public_ip_on_launch": false,
            "outpost_arn": "",
            "owner_id": "676206944621",
            "private_dns_hostname_type_on_launch": "ip-name",
            "tags": {
              "Name": "Subnet_private"
            },
            "tags_all": {
              "Name": "Subnet_private"
            },
            "timeouts": null,
            "vpc_id": "vpc-0e77c51c2fd7516f4"
          },
          "sensitive_attributes": [],
          "private": "eyJlMmJmYjczMC1lY2FhLTExZTYtOGY4OC0zNDM2M2JjN2M0YzAiOnsiY3JlYXRlIjo2MDAwMDAwMDAwMDAsImRlbGV0ZSI6MTIwMDAwMDAwMDAwMH0sInNjaGVtYV92ZXJzaW9uIjoiMSJ9",
          "dependencies": [
            "aws_vpc.main"
          ]
        }
      ]
    },
    {
      "mode": "managed",
      "type": "aws_subnet",
      "name": "public",
      "provider": "provider[\"registry.terraform.io/hashicorp/aws\"]",
      "instances": [
        {
          "schema_version": 1,
          "attributes": {
            "arn": "arn:aws:ec2:eu-west-3:676206944621:subnet/subnet-028e86bc0470dc20c",
            "assign_ipv6_address_on_creation": false,
            "availability_zone": "eu-west-3a",
            "availability_zone_id": "euw3-az1",
            "cidr_block": "10.0.2.0/24",
            "customer_owned_ipv4_pool": "",
            "enable_dns64": false,
            "enable_lni_at_device_index": 0,
            "enable_resource_name_dns_a_record_on_launch": false,
            "enable_resource_name_dns_aaaa_record_on_launch": false,
            "id": "subnet-028e86bc0470dc20c",
            "ipv6_cidr_block": "",
            "ipv6_cidr_block_association_id": "",
            "ipv6_native": false,
            "map_customer_owned_ip_on_launch": false,
            "map_public_ip_on_launch": false,
            "outpost_arn": "",
            "owner_id": "676206944621",
            "private_dns_hostname_type_on_launch": "ip-name",
            "tags": {
              "Name": "Subnet_public"
            },
            "tags_all": {
              "Name": "Subnet_public"
            },
            "timeouts": null,
            "vpc_id": "vpc-0e77c51c2fd7516f4"
          },
          "sensitive_attributes": [],
          "private": "eyJlMmJmYjczMC1lY2FhLTExZTYtOGY4OC0zNDM2M2JjN2M0YzAiOnsiY3JlYXRlIjo2MDAwMDAwMDAwMDAsImRlbGV0ZSI6MTIwMDAwMDAwMDAwMH0sInNjaGVtYV92ZXJzaW9uIjoiMSJ9",
          "dependencies": [
            "aws_vpc.main"
          ]
        }
      ]
    },
    {
      "mode": "managed",
      "type": "aws_vpc",
      "name": "main",
      "provider": "provider[\"registry.terraform.io/hashicorp/aws\"]",
      "instances": [
        {
          "schema_version": 1,
          "attributes": {
            "arn": "arn:aws:ec2:eu-west-3:676206944621:vpc/vpc-0e77c51c2fd7516f4",
            "assign_generated_ipv6_cidr_block": false,
            "cidr_block": "10.0.0.0/16",
            "default_network_acl_id": "acl-0eb1e48317859fc43",
            "default_route_table_id": "rtb-0efc0731813e0580c",
            "default_security_group_id": "sg-0e4b2ee2f04664dc2",
            "dhcp_options_id": "dopt-04bb7d1f306ccdd45",
            "enable_dns_hostnames": false,
            "enable_dns_support": true,
            "enable_network_address_usage_metrics": false,
            "id": "vpc-0e77c51c2fd7516f4",
            "instance_tenancy": "default",
            "ipv4_ipam_pool_id": null,
            "ipv4_netmask_length": null,
            "ipv6_association_id": "",
            "ipv6_cidr_block": "",
            "ipv6_cidr_block_network_border_group": "",
            "ipv6_ipam_pool_id": "",
            "ipv6_netmask_length": 0,
            "main_route_table_id": "rtb-0efc0731813e0580c",
            "owner_id": "676206944621",
            "tags": {
              "Name": "VPC_ProjetM2"
            },
            "tags_all": {
              "Name": "VPC_ProjetM2"
            }
          },
          "sensitive_attributes": [],
          "private": "eyJzY2hlbWFfdmVyc2lvbiI6IjEifQ=="
        }
      ]
    },
    {
      "module": "module.lenox_sg",
      "mode": "managed",
      "type": "aws_security_group",
      "name": "this_name_prefix",
      "provider": "provider[\"registry.terraform.io/hashicorp/aws\"]",
      "instances": [
        {
          "index_key": 0,
          "schema_version": 1,
          "attributes": {
            "arn": "arn:aws:ec2:eu-west-3:676206944621:security-group/sg-094106ed952001d72",
            "description": "Security group for SSH access",
            "egress": [],
            "id": "sg-094106ed952001d72",
            "ingress": [],
            "name": "lenox-sg-20250512123902180600000001",
            "name_prefix": "lenox-sg-",
            "owner_id": "676206944621",
            "revoke_rules_on_delete": false,
            "tags": {
              "Environment": "Development",
              "Name": "SSH-SG"
            },
            "tags_all": {
              "Environment": "Development",
              "Name": "SSH-SG"
            },
            "timeouts": {
              "create": "10m",
              "delete": "15m"
            },
            "vpc_id": "vpc-0e77c51c2fd7516f4"
          },
          "sensitive_attributes": [],
          "private": "eyJlMmJmYjczMC1lY2FhLTExZTYtOGY4OC0zNDM2M2JjN2M0YzAiOnsiY3JlYXRlIjo2MDAwMDAwMDAwMDAsImRlbGV0ZSI6OTAwMDAwMDAwMDAwfSwic2NoZW1hX3ZlcnNpb24iOiIxIn0=",
          "create_before_destroy": true
        }
      ]
    },
    {
      "module": "module.lenox_sg",
      "mode": "managed",
      "type": "aws_security_group_rule",
      "name": "egress_with_cidr_blocks",
      "provider": "provider[\"registry.terraform.io/hashicorp/aws\"]",
      "instances": [
        {
          "index_key": 0,
          "schema_version": 2,
          "attributes": {
            "cidr_blocks": [
              "0.0.0.0/0"
            ],
            "description": "Allow all outbound traffic",
            "from_port": 0,
            "id": "sgrule-3176315256",
            "ipv6_cidr_blocks": null,
            "prefix_list_ids": null,
            "protocol": "-1",
            "security_group_id": "sg-094106ed952001d72",
            "security_group_rule_id": "sgr-0248e5a1bbb6c4cbf",
            "self": false,
            "source_security_group_id": null,
            "timeouts": null,
            "to_port": 0,
            "type": "egress"
          },
          "sensitive_attributes": [],
          "private": "eyJlMmJmYjczMC1lY2FhLTExZTYtOGY4OC0zNDM2M2JjN2M0YzAiOnsiY3JlYXRlIjozMDAwMDAwMDAwMDB9LCJzY2hlbWFfdmVyc2lvbiI6IjIifQ==",
          "dependencies": [
            "module.lenox_sg.aws_security_group.this",
            "module.lenox_sg.aws_security_group.this_name_prefix"
          ]
        }
      ]
    },
    {
      "module": "module.lenox_sg",
      "mode": "managed",
      "type": "aws_security_group_rule",
      "name": "ingress_with_cidr_blocks",
      "provider": "provider[\"registry.terraform.io/hashicorp/aws\"]",
      "instances": [
        {
          "index_key": 0,
          "schema_version": 2,
          "attributes": {
            "cidr_blocks": [
              "0.0.0.0/0"
            ],
            "description": "Allow SSH from anywhere",
            "from_port": 22,
            "id": "sgrule-771816577",
            "ipv6_cidr_blocks": null,
            "prefix_list_ids": null,
            "protocol": "tcp",
            "security_group_id": "sg-094106ed952001d72",
            "security_group_rule_id": "sgr-0c128244fd2462ada",
            "self": false,
            "source_security_group_id": null,
            "timeouts": null,
            "to_port": 22,
            "type": "ingress"
          },
          "sensitive_attributes": [],
          "private": "eyJlMmJmYjczMC1lY2FhLTExZTYtOGY4OC0zNDM2M2JjN2M0YzAiOnsiY3JlYXRlIjozMDAwMDAwMDAwMDB9LCJzY2hlbWFfdmVyc2lvbiI6IjIifQ==",
          "dependencies": [
            "module.lenox_sg.aws_security_group.this",
            "module.lenox_sg.aws_security_group.this_name_prefix"
          ]
        }
      ]
    }
  ],
  "check_results": null
}
